
Microsoft Visual Studio Solution File, Format Version 12.00
# Visual Studio Version 16
VisualStudioVersion = 16.0.31205.134
MinimumVisualStudioVersion = 10.0.40219.1
Project("{9A19103F-16F7-4668-BE54-9A1E7A4F7556}") = "DUDS", "DUDS\DUDS.csproj", "{F4DF174B-3811-4A0D-9FA9-2CF0073F1FA1}"
EndProject
Project("{FAE04EC0-301F-11D3-BF4B-00C04F79EFBC}") = "DUDS.MOD", "DUDS.MOD\DUDS.MOD.csproj", "{5F666ADE-C6C6-4625-BCF6-67500C755EB4}"
EndProject
Project("{FAE04EC0-301F-11D3-BF4B-00C04F79EFBC}") = "DUDS.DAL", "DUDS.DAL\DUDS.DAL.csproj", "{626B73E8-4086-4B41-8711-1C8B107B1E15}"
EndProject
Project("{FAE04EC0-301F-11D3-BF4B-00C04F79EFBC}") = "DUDS.BLL", "DUDS.BLL\DUDS.BLL.csproj", "{A63E3533-D055-4638-8AB3-CA8AD28ABDEB}"
EndProject
Global
	GlobalSection(SolutionConfigurationPlatforms) = preSolution
		Debug|Any CPU = Debug|Any CPU
		Release|Any CPU = Release|Any CPU
	EndGlobalSection
	GlobalSection(ProjectConfigurationPlatforms) = postSolution
		{F4DF174B-3811-4A0D-9FA9-2CF0073F1FA1}.Debug|Any CPU.ActiveCfg = Debug|Any CPU
		{F4DF174B-3811-4A0D-9FA9-2CF0073F1FA1}.Debug|Any CPU.Build.0 = Debug|Any CPU
		{F4DF174B-3811-4A0D-9FA9-2CF0073F1FA1}.Release|Any CPU.ActiveCfg = Release|Any CPU
		{F4DF174B-3811-4A0D-9FA9-2CF0073F1FA1}.Release|Any CPU.Build.0 = Release|Any CPU
		{5F666ADE-C6C6-4625-BCF6-67500C755EB4}.Debug|Any CPU.ActiveCfg = Debug|Any CPU
		{5F666ADE-C6C6-4625-BCF6-67500C755EB4}.Debug|Any CPU.Build.0 = Debug|Any CPU
		{5F666ADE-C6C6-4625-BCF6-67500C755EB4}.Release|Any CPU.ActiveCfg = Release|Any CPU
		{5F666ADE-C6C6-4625-BCF6-67500C755EB4}.Release|Any CPU.Build.0 = Release|Any CPU
		{626B73E8-4086-4B41-8711-1C8B107B1E15}.Debug|Any CPU.ActiveCfg = Debug|Any CPU
		{626B73E8-4086-4B41-8711-1C8B107B1E15}.Debug|Any CPU.Build.0 = Debug|Any CPU
		{626B73E8-4086-4B41-8711-1C8B107B1E15}.Release|Any CPU.ActiveCfg = Release|Any CPU
		{626B73E8-4086-4B41-8711-1C8B107B1E15}.Release|Any CPU.Build.0 = Release|Any CPU
		{A63E3533-D055-4638-8AB3-CA8AD28ABDEB}.Debug|Any CPU.ActiveCfg = Debug|Any CPU
		{A63E3533-D055-4638-8AB3-CA8AD28ABDEB}.Debug|Any CPU.Build.0 = Debug|Any CPU
		{A63E3533-D055-4638-8AB3-CA8AD28ABDEB}.Release|Any CPU.ActiveCfg = Release|Any CPU
		{A63E3533-D055-4638-8AB3-CA8AD28ABDEB}.Release|Any CPU.Build.0 = Release|Any CPU
	EndGlobalSection
	GlobalSection(SolutionProperties) = preSolution
		HideSolutionNode = FALSE
	EndGlobalSection
	GlobalSection(ExtensibilityGlobals) = postSolution
		SolutionGuid = {9E25B534-8724-4983-8862-7E512293F34E}
	EndGlobalSection
EndGlobal
